{
  "version": 4,
  "terraform_version": "0.12.2",
  "serial": 100,
  "lineage": "11b8e91e-241f-1525-2179-9a350bfd2877",
  "outputs": {
    "ts_host_ips": {
      "value": [
        "10.92.77.128",
        "10.92.79.34",
        "10.92.78.64",
        "10.92.79.253",
        "10.92.77.184",
        "10.92.79.168",
        "10.92.76.96",
        "10.92.77.0",
        "10.92.77.226",
        "10.92.77.168"
      ],
      "type": [
        "tuple",
        [
          "string",
          "string",
          "string",
          "string",
          "string",
          "string",
          "string",
          "string",
          "string",
          "string"
        ]
      ]
    }
  },
  "resources": [
    {
      "module": "module.sage_instances",
      "mode": "managed",
      "type": "aws_instance",
      "name": "ts-ec2-instance",
      "each": "list",
      "provider": "provider.aws",
      "instances": []
    },
    {
      "module": "module.callosum_instances",
      "mode": "managed",
      "type": "aws_instance",
      "name": "ts-ec2-instance",
      "each": "list",
      "provider": "provider.aws",
      "instances": [
        {
          "index_key": 0,
          "schema_version": 1,
          "attributes": {
            "ami": "ami-0afbf8d8ea2c23709",
            "arn": "arn:aws:ec2:us-west-2:561580653326:instance/i-0cfd5afcfc886213b",
            "associate_public_ip_address": true,
            "availability_zone": "us-west-2c",
            "cpu_core_count": 4,
            "cpu_threads_per_core": 2,
            "credit_specification": [],
            "disable_api_termination": false,
            "ebs_block_device": [
              {
                "delete_on_termination": true,
                "device_name": "/dev/sdb",
                "encrypted": false,
                "iops": 750,
                "snapshot_id": "",
                "volume_id": "vol-03231b603a6647c86",
                "volume_size": 250,
                "volume_type": "gp2"
              },
              {
                "delete_on_termination": true,
                "device_name": "/dev/sdc",
                "encrypted": false,
                "iops": 750,
                "snapshot_id": "",
                "volume_id": "vol-0cbfa70680145c7e9",
                "volume_size": 250,
                "volume_type": "gp2"
              }
            ],
            "ebs_optimized": false,
            "ephemeral_block_device": [],
            "get_password_data": false,
            "host_id": null,
            "iam_instance_profile": "",
            "id": "i-0cfd5afcfc886213b",
            "instance_initiated_shutdown_behavior": null,
            "instance_state": "running",
            "instance_type": "r4.2xlarge",
            "ipv6_address_count": 0,
            "ipv6_addresses": [],
            "key_name": "terraform",
            "monitoring": false,
            "network_interface": [],
            "network_interface_id": null,
            "password_data": "",
            "placement_group": "",
            "primary_network_interface_id": "eni-04a35a7c8df1a7727",
            "private_dns": "ip-10-92-77-0.us-west-2.compute.internal",
            "private_ip": "10.92.77.0",
            "public_dns": "ec2-34-209-127-94.us-west-2.compute.amazonaws.com",
            "public_ip": "34.209.127.94",
            "root_block_device": [
              {
                "delete_on_termination": true,
                "iops": 0,
                "volume_id": "vol-0d58c3727df54153a",
                "volume_size": 200,
                "volume_type": "standard"
              }
            ],
            "security_groups": [],
            "source_dest_check": true,
            "subnet_id": "subnet-7426922e",
            "tags": {
              "Name": "heterogeneousCluster-callosum-1",
              "Owner": "Aaron"
            },
            "tenancy": "default",
            "timeouts": null,
            "user_data": null,
            "user_data_base64": null,
            "volume_tags": {},
            "vpc_security_group_ids": [
              "sg-ec86f293"
            ]
          },
          "private": "eyJlMmJmYjczMC1lY2FhLTExZTYtOGY4OC0zNDM2M2JjN2M0YzAiOnsiY3JlYXRlIjo2MDAwMDAwMDAwMDAsImRlbGV0ZSI6MTIwMDAwMDAwMDAwMCwidXBkYXRlIjo2MDAwMDAwMDAwMDB9LCJzY2hlbWFfdmVyc2lvbiI6IjEifQ=="
        },
        {
          "index_key": 1,
          "schema_version": 1,
          "attributes": {
            "ami": "ami-0afbf8d8ea2c23709",
            "arn": "arn:aws:ec2:us-west-2:561580653326:instance/i-0f7b502cfbdbd14f3",
            "associate_public_ip_address": true,
            "availability_zone": "us-west-2c",
            "cpu_core_count": 4,
            "cpu_threads_per_core": 2,
            "credit_specification": [],
            "disable_api_termination": false,
            "ebs_block_device": [
              {
                "delete_on_termination": true,
                "device_name": "/dev/sdb",
                "encrypted": false,
                "iops": 750,
                "snapshot_id": "",
                "volume_id": "vol-0db68cc551bb83763",
                "volume_size": 250,
                "volume_type": "gp2"
              },
              {
                "delete_on_termination": true,
                "device_name": "/dev/sdc",
                "encrypted": false,
                "iops": 750,
                "snapshot_id": "",
                "volume_id": "vol-0cc6e38e5bf0633d8",
                "volume_size": 250,
                "volume_type": "gp2"
              }
            ],
            "ebs_optimized": false,
            "ephemeral_block_device": [],
            "get_password_data": false,
            "host_id": null,
            "iam_instance_profile": "",
            "id": "i-0f7b502cfbdbd14f3",
            "instance_initiated_shutdown_behavior": null,
            "instance_state": "running",
            "instance_type": "r4.2xlarge",
            "ipv6_address_count": 0,
            "ipv6_addresses": [],
            "key_name": "terraform",
            "monitoring": false,
            "network_interface": [],
            "network_interface_id": null,
            "password_data": "",
            "placement_group": "",
            "primary_network_interface_id": "eni-0b8d5fa529029ff59",
            "private_dns": "ip-10-92-77-226.us-west-2.compute.internal",
            "private_ip": "10.92.77.226",
            "public_dns": "ec2-34-219-37-177.us-west-2.compute.amazonaws.com",
            "public_ip": "34.219.37.177",
            "root_block_device": [
              {
                "delete_on_termination": true,
                "iops": 0,
                "volume_id": "vol-0b0d33e94c830f592",
                "volume_size": 200,
                "volume_type": "standard"
              }
            ],
            "security_groups": [],
            "source_dest_check": true,
            "subnet_id": "subnet-7426922e",
            "tags": {
              "Name": "heterogeneousCluster-callosum-2",
              "Owner": "Aaron"
            },
            "tenancy": "default",
            "timeouts": null,
            "user_data": null,
            "user_data_base64": null,
            "volume_tags": {},
            "vpc_security_group_ids": [
              "sg-ec86f293"
            ]
          },
          "private": "eyJlMmJmYjczMC1lY2FhLTExZTYtOGY4OC0zNDM2M2JjN2M0YzAiOnsiY3JlYXRlIjo2MDAwMDAwMDAwMDAsImRlbGV0ZSI6MTIwMDAwMDAwMDAwMCwidXBkYXRlIjo2MDAwMDAwMDAwMDB9LCJzY2hlbWFfdmVyc2lvbiI6IjEifQ=="
        },
        {
          "index_key": 2,
          "schema_version": 1,
          "attributes": {
            "ami": "ami-0afbf8d8ea2c23709",
            "arn": "arn:aws:ec2:us-west-2:561580653326:instance/i-0dd564f9d0a9b5707",
            "associate_public_ip_address": true,
            "availability_zone": "us-west-2c",
            "cpu_core_count": 4,
            "cpu_threads_per_core": 2,
            "credit_specification": [],
            "disable_api_termination": false,
            "ebs_block_device": [
              {
                "delete_on_termination": true,
                "device_name": "/dev/sdb",
                "encrypted": false,
                "iops": 750,
                "snapshot_id": "",
                "volume_id": "vol-0300cdf336b03c8b1",
                "volume_size": 250,
                "volume_type": "gp2"
              },
              {
                "delete_on_termination": true,
                "device_name": "/dev/sdc",
                "encrypted": false,
                "iops": 750,
                "snapshot_id": "",
                "volume_id": "vol-01b4b086e2ea95f5d",
                "volume_size": 250,
                "volume_type": "gp2"
              }
            ],
            "ebs_optimized": false,
            "ephemeral_block_device": [],
            "get_password_data": false,
            "host_id": null,
            "iam_instance_profile": "",
            "id": "i-0dd564f9d0a9b5707",
            "instance_initiated_shutdown_behavior": null,
            "instance_state": "running",
            "instance_type": "r4.2xlarge",
            "ipv6_address_count": 0,
            "ipv6_addresses": [],
            "key_name": "terraform",
            "monitoring": false,
            "network_interface": [],
            "network_interface_id": null,
            "password_data": "",
            "placement_group": "",
            "primary_network_interface_id": "eni-044fb8ee2338159c3",
            "private_dns": "ip-10-92-77-168.us-west-2.compute.internal",
            "private_ip": "10.92.77.168",
            "public_dns": "ec2-52-25-117-236.us-west-2.compute.amazonaws.com",
            "public_ip": "52.25.117.236",
            "root_block_device": [
              {
                "delete_on_termination": true,
                "iops": 0,
                "volume_id": "vol-051adc44725b77a71",
                "volume_size": 200,
                "volume_type": "standard"
              }
            ],
            "security_groups": [],
            "source_dest_check": true,
            "subnet_id": "subnet-7426922e",
            "tags": {
              "Name": "heterogeneousCluster-callosum-3",
              "Owner": "Aaron"
            },
            "tenancy": "default",
            "timeouts": null,
            "user_data": null,
            "user_data_base64": null,
            "volume_tags": {},
            "vpc_security_group_ids": [
              "sg-ec86f293"
            ]
          },
          "private": "eyJlMmJmYjczMC1lY2FhLTExZTYtOGY4OC0zNDM2M2JjN2M0YzAiOnsiY3JlYXRlIjo2MDAwMDAwMDAwMDAsImRlbGV0ZSI6MTIwMDAwMDAwMDAwMCwidXBkYXRlIjo2MDAwMDAwMDAwMDB9LCJzY2hlbWFfdmVyc2lvbiI6IjEifQ=="
        }
      ]
    },
    {
      "module": "module.falcon_instances",
      "mode": "managed",
      "type": "aws_instance",
      "name": "ts-ec2-instance",
      "each": "list",
      "provider": "provider.aws",
      "instances": [
        {
          "index_key": 0,
          "schema_version": 1,
          "attributes": {
            "ami": "ami-0afbf8d8ea2c23709",
            "arn": "arn:aws:ec2:us-west-2:561580653326:instance/i-064d754e627e1895a",
            "associate_public_ip_address": true,
            "availability_zone": "us-west-2c",
            "cpu_core_count": 32,
            "cpu_threads_per_core": 2,
            "credit_specification": [],
            "disable_api_termination": false,
            "ebs_block_device": [
              {
                "delete_on_termination": true,
                "device_name": "/dev/sdb",
                "encrypted": false,
                "iops": 750,
                "snapshot_id": "",
                "volume_id": "vol-07d2eed63d91532b5",
                "volume_size": 250,
                "volume_type": "gp2"
              },
              {
                "delete_on_termination": true,
                "device_name": "/dev/sdc",
                "encrypted": false,
                "iops": 750,
                "snapshot_id": "",
                "volume_id": "vol-055196c629e81b100",
                "volume_size": 250,
                "volume_type": "gp2"
              }
            ],
            "ebs_optimized": false,
            "ephemeral_block_device": [],
            "get_password_data": false,
            "host_id": null,
            "iam_instance_profile": "",
            "id": "i-064d754e627e1895a",
            "instance_initiated_shutdown_behavior": null,
            "instance_state": "running",
            "instance_type": "r4.16xlarge",
            "ipv6_address_count": 0,
            "ipv6_addresses": [],
            "key_name": "terraform",
            "monitoring": false,
            "network_interface": [],
            "network_interface_id": null,
            "password_data": "",
            "placement_group": "",
            "primary_network_interface_id": "eni-04a338a5270b398d1",
            "private_dns": "ip-10-92-77-128.us-west-2.compute.internal",
            "private_ip": "10.92.77.128",
            "public_dns": "ec2-18-237-60-86.us-west-2.compute.amazonaws.com",
            "public_ip": "18.237.60.86",
            "root_block_device": [
              {
                "delete_on_termination": true,
                "iops": 0,
                "volume_id": "vol-00028030fa601de18",
                "volume_size": 200,
                "volume_type": "standard"
              }
            ],
            "security_groups": [],
            "source_dest_check": true,
            "subnet_id": "subnet-7426922e",
            "tags": {
              "Name": "heterogeneousCluster-falcon-1",
              "Owner": "Aaron"
            },
            "tenancy": "default",
            "timeouts": null,
            "user_data": null,
            "user_data_base64": null,
            "volume_tags": {},
            "vpc_security_group_ids": [
              "sg-ec86f293"
            ]
          },
          "private": "eyJlMmJmYjczMC1lY2FhLTExZTYtOGY4OC0zNDM2M2JjN2M0YzAiOnsiY3JlYXRlIjo2MDAwMDAwMDAwMDAsImRlbGV0ZSI6MTIwMDAwMDAwMDAwMCwidXBkYXRlIjo2MDAwMDAwMDAwMDB9LCJzY2hlbWFfdmVyc2lvbiI6IjEifQ=="
        },
        {
          "index_key": 1,
          "schema_version": 1,
          "attributes": {
            "ami": "ami-0afbf8d8ea2c23709",
            "arn": "arn:aws:ec2:us-west-2:561580653326:instance/i-0791724ba0d7d0645",
            "associate_public_ip_address": true,
            "availability_zone": "us-west-2c",
            "cpu_core_count": 32,
            "cpu_threads_per_core": 2,
            "credit_specification": [],
            "disable_api_termination": false,
            "ebs_block_device": [
              {
                "delete_on_termination": true,
                "device_name": "/dev/sdb",
                "encrypted": false,
                "iops": 750,
                "snapshot_id": "",
                "volume_id": "vol-0f6858c6ce14ce761",
                "volume_size": 250,
                "volume_type": "gp2"
              },
              {
                "delete_on_termination": true,
                "device_name": "/dev/sdc",
                "encrypted": false,
                "iops": 750,
                "snapshot_id": "",
                "volume_id": "vol-086a13d2897c78c04",
                "volume_size": 250,
                "volume_type": "gp2"
              }
            ],
            "ebs_optimized": false,
            "ephemeral_block_device": [],
            "get_password_data": false,
            "host_id": null,
            "iam_instance_profile": "",
            "id": "i-0791724ba0d7d0645",
            "instance_initiated_shutdown_behavior": null,
            "instance_state": "running",
            "instance_type": "r4.16xlarge",
            "ipv6_address_count": 0,
            "ipv6_addresses": [],
            "key_name": "terraform",
            "monitoring": false,
            "network_interface": [],
            "network_interface_id": null,
            "password_data": "",
            "placement_group": "",
            "primary_network_interface_id": "eni-02820a9e6583ac5ce",
            "private_dns": "ip-10-92-79-34.us-west-2.compute.internal",
            "private_ip": "10.92.79.34",
            "public_dns": "ec2-54-212-213-181.us-west-2.compute.amazonaws.com",
            "public_ip": "54.212.213.181",
            "root_block_device": [
              {
                "delete_on_termination": true,
                "iops": 0,
                "volume_id": "vol-03fecdae944760980",
                "volume_size": 200,
                "volume_type": "standard"
              }
            ],
            "security_groups": [],
            "source_dest_check": true,
            "subnet_id": "subnet-7426922e",
            "tags": {
              "Name": "heterogeneousCluster-falcon-2",
              "Owner": "Aaron"
            },
            "tenancy": "default",
            "timeouts": null,
            "user_data": null,
            "user_data_base64": null,
            "volume_tags": {},
            "vpc_security_group_ids": [
              "sg-ec86f293"
            ]
          },
          "private": "eyJlMmJmYjczMC1lY2FhLTExZTYtOGY4OC0zNDM2M2JjN2M0YzAiOnsiY3JlYXRlIjo2MDAwMDAwMDAwMDAsImRlbGV0ZSI6MTIwMDAwMDAwMDAwMCwidXBkYXRlIjo2MDAwMDAwMDAwMDB9LCJzY2hlbWFfdmVyc2lvbiI6IjEifQ=="
        },
        {
          "index_key": 2,
          "schema_version": 1,
          "attributes": {
            "ami": "ami-0afbf8d8ea2c23709",
            "arn": "arn:aws:ec2:us-west-2:561580653326:instance/i-036ab77daac463697",
            "associate_public_ip_address": true,
            "availability_zone": "us-west-2c",
            "cpu_core_count": 32,
            "cpu_threads_per_core": 2,
            "credit_specification": [],
            "disable_api_termination": false,
            "ebs_block_device": [
              {
                "delete_on_termination": true,
                "device_name": "/dev/sdb",
                "encrypted": false,
                "iops": 750,
                "snapshot_id": "",
                "volume_id": "vol-0b252a7f9ffcffbec",
                "volume_size": 250,
                "volume_type": "gp2"
              },
              {
                "delete_on_termination": true,
                "device_name": "/dev/sdc",
                "encrypted": false,
                "iops": 750,
                "snapshot_id": "",
                "volume_id": "vol-06943a0a90083d587",
                "volume_size": 250,
                "volume_type": "gp2"
              }
            ],
            "ebs_optimized": false,
            "ephemeral_block_device": [],
            "get_password_data": false,
            "host_id": null,
            "iam_instance_profile": "",
            "id": "i-036ab77daac463697",
            "instance_initiated_shutdown_behavior": null,
            "instance_state": "running",
            "instance_type": "r4.16xlarge",
            "ipv6_address_count": 0,
            "ipv6_addresses": [],
            "key_name": "terraform",
            "monitoring": false,
            "network_interface": [],
            "network_interface_id": null,
            "password_data": "",
            "placement_group": "",
            "primary_network_interface_id": "eni-0ce30d3bee2f60520",
            "private_dns": "ip-10-92-78-64.us-west-2.compute.internal",
            "private_ip": "10.92.78.64",
            "public_dns": "ec2-52-40-158-15.us-west-2.compute.amazonaws.com",
            "public_ip": "52.40.158.15",
            "root_block_device": [
              {
                "delete_on_termination": true,
                "iops": 0,
                "volume_id": "vol-0b86a4e0ffd72c845",
                "volume_size": 200,
                "volume_type": "standard"
              }
            ],
            "security_groups": [],
            "source_dest_check": true,
            "subnet_id": "subnet-7426922e",
            "tags": {
              "Name": "heterogeneousCluster-falcon-3",
              "Owner": "Aaron"
            },
            "tenancy": "default",
            "timeouts": null,
            "user_data": null,
            "user_data_base64": null,
            "volume_tags": {},
            "vpc_security_group_ids": [
              "sg-ec86f293"
            ]
          },
          "private": "eyJlMmJmYjczMC1lY2FhLTExZTYtOGY4OC0zNDM2M2JjN2M0YzAiOnsiY3JlYXRlIjo2MDAwMDAwMDAwMDAsImRlbGV0ZSI6MTIwMDAwMDAwMDAwMCwidXBkYXRlIjo2MDAwMDAwMDAwMDB9LCJzY2hlbWFfdmVyc2lvbiI6IjEifQ=="
        },
        {
          "index_key": 3,
          "schema_version": 1,
          "attributes": {
            "ami": "ami-0afbf8d8ea2c23709",
            "arn": "arn:aws:ec2:us-west-2:561580653326:instance/i-0b14f3a7f2d75305b",
            "associate_public_ip_address": true,
            "availability_zone": "us-west-2c",
            "cpu_core_count": 32,
            "cpu_threads_per_core": 2,
            "credit_specification": [],
            "disable_api_termination": false,
            "ebs_block_device": [
              {
                "delete_on_termination": true,
                "device_name": "/dev/sdb",
                "encrypted": false,
                "iops": 750,
                "snapshot_id": "",
                "volume_id": "vol-0213138ffac8a64df",
                "volume_size": 250,
                "volume_type": "gp2"
              },
              {
                "delete_on_termination": true,
                "device_name": "/dev/sdc",
                "encrypted": false,
                "iops": 750,
                "snapshot_id": "",
                "volume_id": "vol-0e13518ef0d2399b7",
                "volume_size": 250,
                "volume_type": "gp2"
              }
            ],
            "ebs_optimized": false,
            "ephemeral_block_device": [],
            "get_password_data": false,
            "host_id": null,
            "iam_instance_profile": "",
            "id": "i-0b14f3a7f2d75305b",
            "instance_initiated_shutdown_behavior": null,
            "instance_state": "running",
            "instance_type": "r4.16xlarge",
            "ipv6_address_count": 0,
            "ipv6_addresses": [],
            "key_name": "terraform",
            "monitoring": false,
            "network_interface": [],
            "network_interface_id": null,
            "password_data": "",
            "placement_group": "",
            "primary_network_interface_id": "eni-0bf7674c6bf89fe4a",
            "private_dns": "ip-10-92-79-253.us-west-2.compute.internal",
            "private_ip": "10.92.79.253",
            "public_dns": "ec2-34-216-3-136.us-west-2.compute.amazonaws.com",
            "public_ip": "34.216.3.136",
            "root_block_device": [
              {
                "delete_on_termination": true,
                "iops": 0,
                "volume_id": "vol-0c3f6c0c9f1c5cf09",
                "volume_size": 200,
                "volume_type": "standard"
              }
            ],
            "security_groups": [],
            "source_dest_check": true,
            "subnet_id": "subnet-7426922e",
            "tags": {
              "Name": "heterogeneousCluster-falcon-4",
              "Owner": "Aaron"
            },
            "tenancy": "default",
            "timeouts": null,
            "user_data": null,
            "user_data_base64": null,
            "volume_tags": {},
            "vpc_security_group_ids": [
              "sg-ec86f293"
            ]
          },
          "private": "eyJlMmJmYjczMC1lY2FhLTExZTYtOGY4OC0zNDM2M2JjN2M0YzAiOnsiY3JlYXRlIjo2MDAwMDAwMDAwMDAsImRlbGV0ZSI6MTIwMDAwMDAwMDAwMCwidXBkYXRlIjo2MDAwMDAwMDAwMDB9LCJzY2hlbWFfdmVyc2lvbiI6IjEifQ=="
        },
        {
          "index_key": 4,
          "schema_version": 1,
          "attributes": {
            "ami": "ami-0afbf8d8ea2c23709",
            "arn": "arn:aws:ec2:us-west-2:561580653326:instance/i-0fea4ad98e4112586",
            "associate_public_ip_address": true,
            "availability_zone": "us-west-2c",
            "cpu_core_count": 32,
            "cpu_threads_per_core": 2,
            "credit_specification": [],
            "disable_api_termination": false,
            "ebs_block_device": [
              {
                "delete_on_termination": true,
                "device_name": "/dev/sdb",
                "encrypted": false,
                "iops": 750,
                "snapshot_id": "",
                "volume_id": "vol-04e2fa29974a5dc52",
                "volume_size": 250,
                "volume_type": "gp2"
              },
              {
                "delete_on_termination": true,
                "device_name": "/dev/sdc",
                "encrypted": false,
                "iops": 750,
                "snapshot_id": "",
                "volume_id": "vol-0b6da33e44c303014",
                "volume_size": 250,
                "volume_type": "gp2"
              }
            ],
            "ebs_optimized": false,
            "ephemeral_block_device": [],
            "get_password_data": false,
            "host_id": null,
            "iam_instance_profile": "",
            "id": "i-0fea4ad98e4112586",
            "instance_initiated_shutdown_behavior": null,
            "instance_state": "running",
            "instance_type": "r4.16xlarge",
            "ipv6_address_count": 0,
            "ipv6_addresses": [],
            "key_name": "terraform",
            "monitoring": false,
            "network_interface": [],
            "network_interface_id": null,
            "password_data": "",
            "placement_group": "",
            "primary_network_interface_id": "eni-0c4d0397b013f4e52",
            "private_dns": "ip-10-92-77-184.us-west-2.compute.internal",
            "private_ip": "10.92.77.184",
            "public_dns": "ec2-34-209-124-153.us-west-2.compute.amazonaws.com",
            "public_ip": "34.209.124.153",
            "root_block_device": [
              {
                "delete_on_termination": true,
                "iops": 0,
                "volume_id": "vol-07a72368a581cd4ff",
                "volume_size": 200,
                "volume_type": "standard"
              }
            ],
            "security_groups": [],
            "source_dest_check": true,
            "subnet_id": "subnet-7426922e",
            "tags": {
              "Name": "heterogeneousCluster-falcon-5",
              "Owner": "Aaron"
            },
            "tenancy": "default",
            "timeouts": null,
            "user_data": null,
            "user_data_base64": null,
            "volume_tags": {},
            "vpc_security_group_ids": [
              "sg-ec86f293"
            ]
          },
          "private": "eyJlMmJmYjczMC1lY2FhLTExZTYtOGY4OC0zNDM2M2JjN2M0YzAiOnsiY3JlYXRlIjo2MDAwMDAwMDAwMDAsImRlbGV0ZSI6MTIwMDAwMDAwMDAwMCwidXBkYXRlIjo2MDAwMDAwMDAwMDB9LCJzY2hlbWFfdmVyc2lvbiI6IjEifQ=="
        },
        {
          "index_key": 5,
          "schema_version": 1,
          "attributes": {
            "ami": "ami-0afbf8d8ea2c23709",
            "arn": "arn:aws:ec2:us-west-2:561580653326:instance/i-0b81d824b3e6d260d",
            "associate_public_ip_address": true,
            "availability_zone": "us-west-2c",
            "cpu_core_count": 32,
            "cpu_threads_per_core": 2,
            "credit_specification": [],
            "disable_api_termination": false,
            "ebs_block_device": [
              {
                "delete_on_termination": true,
                "device_name": "/dev/sdb",
                "encrypted": false,
                "iops": 750,
                "snapshot_id": "",
                "volume_id": "vol-0aedee038bbd37b0a",
                "volume_size": 250,
                "volume_type": "gp2"
              },
              {
                "delete_on_termination": true,
                "device_name": "/dev/sdc",
                "encrypted": false,
                "iops": 750,
                "snapshot_id": "",
                "volume_id": "vol-0cd4e32d07bae4671",
                "volume_size": 250,
                "volume_type": "gp2"
              }
            ],
            "ebs_optimized": false,
            "ephemeral_block_device": [],
            "get_password_data": false,
            "host_id": null,
            "iam_instance_profile": "",
            "id": "i-0b81d824b3e6d260d",
            "instance_initiated_shutdown_behavior": null,
            "instance_state": "running",
            "instance_type": "r4.16xlarge",
            "ipv6_address_count": 0,
            "ipv6_addresses": [],
            "key_name": "terraform",
            "monitoring": false,
            "network_interface": [],
            "network_interface_id": null,
            "password_data": "",
            "placement_group": "",
            "primary_network_interface_id": "eni-08af07c3bf74dacf6",
            "private_dns": "ip-10-92-79-168.us-west-2.compute.internal",
            "private_ip": "10.92.79.168",
            "public_dns": "ec2-34-219-41-62.us-west-2.compute.amazonaws.com",
            "public_ip": "34.219.41.62",
            "root_block_device": [
              {
                "delete_on_termination": true,
                "iops": 0,
                "volume_id": "vol-02eed1fd5985f7f07",
                "volume_size": 200,
                "volume_type": "standard"
              }
            ],
            "security_groups": [],
            "source_dest_check": true,
            "subnet_id": "subnet-7426922e",
            "tags": {
              "Name": "heterogeneousCluster-falcon-6",
              "Owner": "Aaron"
            },
            "tenancy": "default",
            "timeouts": null,
            "user_data": null,
            "user_data_base64": null,
            "volume_tags": {},
            "vpc_security_group_ids": [
              "sg-ec86f293"
            ]
          },
          "private": "eyJlMmJmYjczMC1lY2FhLTExZTYtOGY4OC0zNDM2M2JjN2M0YzAiOnsiY3JlYXRlIjo2MDAwMDAwMDAwMDAsImRlbGV0ZSI6MTIwMDAwMDAwMDAwMCwidXBkYXRlIjo2MDAwMDAwMDAwMDB9LCJzY2hlbWFfdmVyc2lvbiI6IjEifQ=="
        },
        {
          "index_key": 6,
          "schema_version": 1,
          "attributes": {
            "ami": "ami-0afbf8d8ea2c23709",
            "arn": "arn:aws:ec2:us-west-2:561580653326:instance/i-066939a299467a183",
            "associate_public_ip_address": true,
            "availability_zone": "us-west-2c",
            "cpu_core_count": 32,
            "cpu_threads_per_core": 2,
            "credit_specification": [],
            "disable_api_termination": false,
            "ebs_block_device": [
              {
                "delete_on_termination": true,
                "device_name": "/dev/sdb",
                "encrypted": false,
                "iops": 750,
                "snapshot_id": "",
                "volume_id": "vol-0bfac3788bfeee148",
                "volume_size": 250,
                "volume_type": "gp2"
              },
              {
                "delete_on_termination": true,
                "device_name": "/dev/sdc",
                "encrypted": false,
                "iops": 750,
                "snapshot_id": "",
                "volume_id": "vol-03aff4d9c2cc751e4",
                "volume_size": 250,
                "volume_type": "gp2"
              }
            ],
            "ebs_optimized": false,
            "ephemeral_block_device": [],
            "get_password_data": false,
            "host_id": null,
            "iam_instance_profile": "",
            "id": "i-066939a299467a183",
            "instance_initiated_shutdown_behavior": null,
            "instance_state": "running",
            "instance_type": "r4.16xlarge",
            "ipv6_address_count": 0,
            "ipv6_addresses": [],
            "key_name": "terraform",
            "monitoring": false,
            "network_interface": [],
            "network_interface_id": null,
            "password_data": "",
            "placement_group": "",
            "primary_network_interface_id": "eni-0c7b82e3aaf9f4fab",
            "private_dns": "ip-10-92-76-96.us-west-2.compute.internal",
            "private_ip": "10.92.76.96",
            "public_dns": "ec2-35-164-159-69.us-west-2.compute.amazonaws.com",
            "public_ip": "35.164.159.69",
            "root_block_device": [
              {
                "delete_on_termination": true,
                "iops": 0,
                "volume_id": "vol-0a8449a32b5216c4a",
                "volume_size": 200,
                "volume_type": "standard"
              }
            ],
            "security_groups": [],
            "source_dest_check": true,
            "subnet_id": "subnet-7426922e",
            "tags": {
              "Name": "heterogeneousCluster-falcon-7",
              "Owner": "Aaron"
            },
            "tenancy": "default",
            "timeouts": null,
            "user_data": null,
            "user_data_base64": null,
            "volume_tags": {},
            "vpc_security_group_ids": [
              "sg-ec86f293"
            ]
          },
          "private": "eyJlMmJmYjczMC1lY2FhLTExZTYtOGY4OC0zNDM2M2JjN2M0YzAiOnsiY3JlYXRlIjo2MDAwMDAwMDAwMDAsImRlbGV0ZSI6MTIwMDAwMDAwMDAwMCwidXBkYXRlIjo2MDAwMDAwMDAwMDB9LCJzY2hlbWFfdmVyc2lvbiI6IjEifQ=="
        }
      ]
    },
    {
      "mode": "managed",
      "type": "local_file",
      "name": "ansible_inventory",
      "provider": "provider.local",
      "instances": [
        {
          "schema_version": 0,
          "attributes": {
            "content": "[tscluster]\n10.92.77.128\n10.92.79.34\n10.92.78.64\n10.92.79.253\n10.92.77.184\n10.92.79.168\n10.92.76.96\n10.92.77.0\n10.92.77.226\n10.92.77.168\n[tsinstall]\n10.92.77.128\n[tsinstall:vars]\nhost=10.92.77.128\nrelease_loc=/release_tars\nrelease=5.3-160\nscheduling_policy =LABEL_ALL_HOSTS\n[all:vars]\nhost=10.92.77.128\n",
            "content_base64": null,
            "filename": "config/install_inventory.ini",
            "id": "289935827ed64babc1d559db31fe1bca46553b06",
            "sensitive_content": null
          },
          "private": "bnVsbA==",
          "depends_on": [
            "local_file.install_input",
            "module.callosum_instances",
            "module.falcon_instances",
            "module.sage_instances"
          ]
        }
      ]
    },
    {
      "mode": "managed",
      "type": "local_file",
      "name": "heterogeneous_service_labelling",
      "provider": "provider.local",
      "instances": [
        {
          "schema_version": 0,
          "attributes": {
            "content": "10.92.77.128:falcon,atlas_schema_updater,alertdb_updater,callosum_objects_upgrader,callosum_schema_updater,statsdb_updater\n10.92.79.34:falcon\n10.92.78.64:falcon\n10.92.79.253:falcon\n10.92.77.184:falcon\n10.92.79.168:falcon\n10.92.76.96:falcon\n10.92.77.0:tomcat,sage\n10.92.77.226:tomcat,sage\n10.92.77.168:tomcat,sage\n",
            "content_base64": null,
            "filename": "config/service_label.config",
            "id": "9c391d13ed7242afeb280e83f870a17fdd5948fd",
            "sensitive_content": null
          },
          "private": "bnVsbA==",
          "depends_on": [
            "local_file.ansible_inventory",
            "module.callosum_instances",
            "module.falcon_instances",
            "module.sage_instances"
          ]
        }
      ]
    },
    {
      "mode": "managed",
      "type": "local_file",
      "name": "heterogeneous_service_proto",
      "provider": "provider.local",
      "instances": [
        {
          "schema_version": 0,
          "attributes": {
            "content": "node_labels {\n  labels: \"falcon\"\n  node: \"10.92.77.128\"\n  marker: ONE_OFF\n}\nnode_labels {\n  labels: \"falcon\"\n  node: \"10.92.79.34\"\n  marker: ONE_OFF\n}\nnode_labels {\n  labels: \"falcon\"\n  node: \"10.92.78.64\"\n  marker: ONE_OFF\n}\nnode_labels {\n  labels: \"falcon\"\n  node: \"10.92.79.253\"\n  marker: ONE_OFF\n}\nnode_labels {\n  labels: \"falcon\"\n  node: \"10.92.77.184\"\n  marker: ONE_OFF\n}\nnode_labels {\n  labels: \"falcon\"\n  node: \"10.92.79.168\"\n  marker: ONE_OFF\n}\nnode_labels {\n  labels: \"falcon\"\n  node: \"10.92.76.96\"\n  marker: ONE_OFF\n}\nnode_labels {\n  labels: \"tomcat\"\n  labels: \"sage\"\n  node: \"10.92.77.0\"\n}\nnode_labels {\n  labels: \"tomcat\"\n  labels: \"sage\"\n  node: \"10.92.77.226\"\n}\nnode_labels {\n  labels: \"tomcat\"\n  labels: \"sage\"\n  node: \"10.92.77.168\"\n}\n",
            "content_base64": null,
            "filename": "config/service_labels_proto.config",
            "id": "5cb8946649eb5eaf3849e6719bf46d188df96ff8",
            "sensitive_content": null
          },
          "private": "bnVsbA==",
          "depends_on": [
            "local_file.ansible_inventory",
            "module.callosum_instances",
            "module.falcon_instances",
            "module.sage_instances"
          ]
        }
      ]
    },
    {
      "mode": "managed",
      "type": "local_file",
      "name": "install_input",
      "provider": "provider.local",
      "instances": [
        {
          "schema_version": 0,
          "attributes": {
            "content": "heterogeneousCluster\n1611X00020\n10.92.77.128 10.92.79.34 10.92.78.64 10.92.79.253 10.92.77.184 10.92.79.168 10.92.76.96 10.92.77.0 10.92.77.226 10.92.77.168\nlater\n",
            "content_base64": null,
            "filename": "config/install.ini",
            "id": "5321aafa1f725ae0806161de4bada513e271a399",
            "sensitive_content": null
          },
          "private": "bnVsbA==",
          "depends_on": [
            "module.callosum_instances",
            "module.falcon_instances",
            "module.sage_instances"
          ]
        }
      ]
    },
    {
      "mode": "managed",
      "type": "null_resource",
      "name": "running_ansible_playbook",
      "provider": "provider.null",
      "instances": [
        {
          "schema_version": 0,
          "attributes": {
            "id": "6616132514513368029",
            "triggers": {
              "ip": "10.92.77.128"
            }
          },
          "private": "bnVsbA==",
          "depends_on": [
            "local_file.heterogeneous_service_labelling",
            "module.falcon_instances"
          ]
        }
      ]
    }
  ]
}
